{
  "requires": true,
  "lockfileVersion": 1,
  "dependencies": {
    "acorn": {
      "version": "5.7.3",
      "resolved": "https://registry.npmjs.org/acorn/-/acorn-5.7.3.tgz",
      "integrity": "sha512-T/zvzYRfbVojPWahDsE5evJdHb3oJoQfFbsrKM7w5Zcs++Tr257tia3BmMP8XYVjp1S9RZXQMh7gao96BlqZOw=="
    },
    "gpu.js": {
      "version": "1.8.1",
      "resolved": "https://registry.npmjs.org/gpu.js/-/gpu.js-1.8.1.tgz",
      "integrity": "sha512-Glpgu8JihpzLo3OZXtdoKCWIE/W61cjNGwb27RXvXAhCnE/DSz3/PeL6rYpk56yZAvjMgXlgAN6NM7fot0NNFQ==",
      "requires": {
        "acorn": "^5.1.1"
      }
    },
    "image-promise": {
      "version": "5.0.1",
      "resolved": "https://registry.npmjs.org/image-promise/-/image-promise-5.0.1.tgz",
      "integrity": "sha1-9oANlLM/FHYgJAnmk2D0bgbWuqY="
    }
  }
}
